
Microsoft Visual Studio Solution File, Format Version 12.00
# Visual Studio Version 17
VisualStudioVersion = 17.11.35219.272
MinimumVisualStudioVersion = 10.0.40219.1
Project("{FAE04EC0-301F-11D3-BF4B-00C04F79EFBC}") = "Question3442", "Question3442\Question3442.csproj", "{C8042A36-E5B6-4F27-B47F-1748CC0F30F3}"
EndProject
Global
	GlobalSection(SolutionConfigurationPlatforms) = preSolution
		Debug|Any CPU = Debug|Any CPU
		Release|Any CPU = Release|Any CPU
	EndGlobalSection
	GlobalSection(ProjectConfigurationPlatforms) = postSolution
		{C8042A36-E5B6-4F27-B47F-1748CC0F30F3}.Debug|Any CPU.ActiveCfg = Debug|Any CPU
		{C8042A36-E5B6-4F27-B47F-1748CC0F30F3}.Debug|Any CPU.Build.0 = Debug|Any CPU
		{C8042A36-E5B6-4F27-B47F-1748CC0F30F3}.Release|Any CPU.ActiveCfg = Release|Any CPU
		{C8042A36-E5B6-4F27-B47F-1748CC0F30F3}.Release|Any CPU.Build.0 = Release|Any CPU
	EndGlobalSection
	GlobalSection(SolutionProperties) = preSolution
		HideSolutionNode = FALSE
	EndGlobalSection
	GlobalSection(ExtensibilityGlobals) = postSolution
		SolutionGuid = {19BEC3E9-6695-4CDF-B628-E499436F379B}
	EndGlobalSection
EndGlobal
